
Microsoft Visual Studio Solution File, Format Version 12.00
# Visual Studio Version 16
VisualStudioVersion = 16.0.29911.84
MinimumVisualStudioVersion = 10.0.40219.1
Project("{FAE04EC0-301F-11D3-BF4B-00C04F79EFBC}") = "codejuliocesar", "codejuliocesar\codejuliocesar.csproj", "{E251E0E3-256A-43F1-90B0-4FD4181D009E}"
EndProject
Global
	GlobalSection(SolutionConfigurationPlatforms) = preSolution
		Debug|Any CPU = Debug|Any CPU
		Release|Any CPU = Release|Any CPU
	EndGlobalSection
	GlobalSection(ProjectConfigurationPlatforms) = postSolution
		{E251E0E3-256A-43F1-90B0-4FD4181D009E}.Debug|Any CPU.ActiveCfg = Debug|Any CPU
		{E251E0E3-256A-43F1-90B0-4FD4181D009E}.Debug|Any CPU.Build.0 = Debug|Any CPU
		{E251E0E3-256A-43F1-90B0-4FD4181D009E}.Release|Any CPU.ActiveCfg = Release|Any CPU
		{E251E0E3-256A-43F1-90B0-4FD4181D009E}.Release|Any CPU.Build.0 = Release|Any CPU
	EndGlobalSection
	GlobalSection(SolutionProperties) = preSolution
		HideSolutionNode = FALSE
	EndGlobalSection
	GlobalSection(ExtensibilityGlobals) = postSolution
		SolutionGuid = {2E0FB40E-AA6D-4B01-8A53-A8A1FE66140D}
	EndGlobalSection
EndGlobal
